
Microsoft Visual Studio Solution File, Format Version 12.00
# Visual Studio Version 16
VisualStudioVersion = 16.0.30011.22
MinimumVisualStudioVersion = 10.0.40219.1
Project("{FAE04EC0-301F-11D3-BF4B-00C04F79EFBC}") = "CreateNewXml", "CreateNewXml.csproj", "{B1AE0734-1DD5-4937-8CBD-B619CF37F73B}"
EndProject
Global
	GlobalSection(SolutionConfigurationPlatforms) = preSolution
		Debug|Any CPU = Debug|Any CPU
		Release|Any CPU = Release|Any CPU
	EndGlobalSection
	GlobalSection(ProjectConfigurationPlatforms) = postSolution
		{B1AE0734-1DD5-4937-8CBD-B619CF37F73B}.Debug|Any CPU.ActiveCfg = Debug|Any CPU
		{B1AE0734-1DD5-4937-8CBD-B619CF37F73B}.Debug|Any CPU.Build.0 = Debug|Any CPU
		{B1AE0734-1DD5-4937-8CBD-B619CF37F73B}.Release|Any CPU.ActiveCfg = Release|Any CPU
		{B1AE0734-1DD5-4937-8CBD-B619CF37F73B}.Release|Any CPU.Build.0 = Release|Any CPU
	EndGlobalSection
	GlobalSection(SolutionProperties) = preSolution
		HideSolutionNode = FALSE
	EndGlobalSection
	GlobalSection(ExtensibilityGlobals) = postSolution
		SolutionGuid = {042C0C1F-0BE5-4DD5-9A87-78568E8F2F22}
	EndGlobalSection
EndGlobal
